
Microsoft Visual Studio Solution File, Format Version 12.00
# Visual Studio Version 16
VisualStudioVersion = 16.0.31019.35
MinimumVisualStudioVersion = 10.0.40219.1
Project("{9A19103F-16F7-4668-BE54-9A1E7A4F7556}") = "BlazorApp2", "BlazorApp2\BlazorApp2.csproj", "{C6491544-B8A4-41D4-9373-1DA6E119FCA7}"
EndProject
Global
	GlobalSection(SolutionConfigurationPlatforms) = preSolution
		Debug|Any CPU = Debug|Any CPU
		Release|Any CPU = Release|Any CPU
	EndGlobalSection
	GlobalSection(ProjectConfigurationPlatforms) = postSolution
		{C6491544-B8A4-41D4-9373-1DA6E119FCA7}.Debug|Any CPU.ActiveCfg = Debug|Any CPU
		{C6491544-B8A4-41D4-9373-1DA6E119FCA7}.Debug|Any CPU.Build.0 = Debug|Any CPU
		{C6491544-B8A4-41D4-9373-1DA6E119FCA7}.Release|Any CPU.ActiveCfg = Release|Any CPU
		{C6491544-B8A4-41D4-9373-1DA6E119FCA7}.Release|Any CPU.Build.0 = Release|Any CPU
	EndGlobalSection
	GlobalSection(SolutionProperties) = preSolution
		HideSolutionNode = FALSE
	EndGlobalSection
	GlobalSection(ExtensibilityGlobals) = postSolution
		SolutionGuid = {1DCC1641-6874-4138-B461-6CBDEE8B8F3F}
	EndGlobalSection
EndGlobal
